// !$*UTF8*$!
{
	archiveVersion = 1;
	classes = {
	};
	objectVersion = 56;
	objects = {

/* Begin PBXBuildFile section */
		521A395B2CC80FCA00F842B8 /* MonsterBattleApp.swift in Sources */ = {isa = PBXBuildFile; fileRef = 521A395A2CC80FCA00F842B8 /* MonsterBattleApp.swift */; };
		521A395F2CC80FCC00F842B8 /* Assets.xcassets in Resources */ = {isa = PBXBuildFile; fileRef = 521A395E2CC80FCC00F842B8 /* Assets.xcassets */; };
		521A39622CC80FCC00F842B8 /* Preview Assets.xcassets in Resources */ = {isa = PBXBuildFile; fileRef = 521A39612CC80FCC00F842B8 /* Preview Assets.xcassets */; };
		521A396F2CC8106700F842B8 /* BattleView.swift in Sources */ = {isa = PBXBuildFile; fileRef = 521A396E2CC8106700F842B8 /* BattleView.swift */; };
		521A39712CC8109000F842B8 /* BattleViewModel.swift in Sources */ = {isa = PBXBuildFile; fileRef = 521A39702CC8109000F842B8 /* BattleViewModel.swift */; };
		521A39742CC810F000F842B8 /* Monster.swift in Sources */ = {isa = PBXBuildFile; fileRef = 521A39732CC810F000F842B8 /* Monster.swift */; };
		521A39762CC8141500F842B8 /* Roboto-Regular.ttf in Resources */ = {isa = PBXBuildFile; fileRef = 521A39752CC8141500F842B8 /* Roboto-Regular.ttf */; };
		521A397A2CC8148B00F842B8 /* FontExtensions.swift in Sources */ = {isa = PBXBuildFile; fileRef = 521A39792CC8148B00F842B8 /* FontExtensions.swift */; };
		521A397C2CC8154400F842B8 /* MonsterCardView.swift in Sources */ = {isa = PBXBuildFile; fileRef = 521A397B2CC8154400F842B8 /* MonsterCardView.swift */; };
		521A397E2CC8196300F842B8 /* DetailedMonsterCardView.swift in Sources */ = {isa = PBXBuildFile; fileRef = 521A397D2CC8196300F842B8 /* DetailedMonsterCardView.swift */; };
		521A39802CC81D5200F842B8 /* BattleRequest.swift in Sources */ = {isa = PBXBuildFile; fileRef = 521A397F2CC81D5200F842B8 /* BattleRequest.swift */; };
		521A39822CC81D6B00F842B8 /* BattleResponse.swift in Sources */ = {isa = PBXBuildFile; fileRef = 521A39812CC81D6B00F842B8 /* BattleResponse.swift */; };
/* End PBXBuildFile section */

/* Begin PBXFileReference section */
		521A39572CC80FCA00F842B8 /* MonsterBattle.app */ = {isa = PBXFileReference; explicitFileType = wrapper.application; includeInIndex = 0; path = MonsterBattle.app; sourceTree = BUILT_PRODUCTS_DIR; };
		521A395A2CC80FCA00F842B8 /* MonsterBattleApp.swift */ = {isa = PBXFileReference; lastKnownFileType = sourcecode.swift; path = MonsterBattleApp.swift; sourceTree = "<group>"; };
		521A395E2CC80FCC00F842B8 /* Assets.xcassets */ = {isa = PBXFileReference; lastKnownFileType = folder.assetcatalog; path = Assets.xcassets; sourceTree = "<group>"; };
		521A39612CC80FCC00F842B8 /* Preview Assets.xcassets */ = {isa = PBXFileReference; lastKnownFileType = folder.assetcatalog; path = "Preview Assets.xcassets"; sourceTree = "<group>"; };
		521A396E2CC8106700F842B8 /* BattleView.swift */ = {isa = PBXFileReference; lastKnownFileType = sourcecode.swift; path = BattleView.swift; sourceTree = "<group>"; };
		521A39702CC8109000F842B8 /* BattleViewModel.swift */ = {isa = PBXFileReference; lastKnownFileType = sourcecode.swift; path = BattleViewModel.swift; sourceTree = "<group>"; };
		521A39732CC810F000F842B8 /* Monster.swift */ = {isa = PBXFileReference; lastKnownFileType = sourcecode.swift; path = Monster.swift; sourceTree = "<group>"; };
		521A39752CC8141500F842B8 /* Roboto-Regular.ttf */ = {isa = PBXFileReference; lastKnownFileType = file; path = "Roboto-Regular.ttf"; sourceTree = "<group>"; };
		521A39772CC8142600F842B8 /* Info.plist */ = {isa = PBXFileReference; lastKnownFileType = text.plist; path = Info.plist; sourceTree = "<group>"; };
		521A39792CC8148B00F842B8 /* FontExtensions.swift */ = {isa = PBXFileReference; lastKnownFileType = sourcecode.swift; path = FontExtensions.swift; sourceTree = "<group>"; };
		521A397B2CC8154400F842B8 /* MonsterCardView.swift */ = {isa = PBXFileReference; lastKnownFileType = sourcecode.swift; path = MonsterCardView.swift; sourceTree = "<group>"; };
		521A397D2CC8196300F842B8 /* DetailedMonsterCardView.swift */ = {isa = PBXFileReference; lastKnownFileType = sourcecode.swift; path = DetailedMonsterCardView.swift; sourceTree = "<group>"; };
		521A397F2CC81D5200F842B8 /* BattleRequest.swift */ = {isa = PBXFileReference; lastKnownFileType = sourcecode.swift; path = BattleRequest.swift; sourceTree = "<group>"; };
		521A39812CC81D6B00F842B8 /* BattleResponse.swift */ = {isa = PBXFileReference; lastKnownFileType = sourcecode.swift; path = BattleResponse.swift; sourceTree = "<group>"; };
/* End PBXFileReference section */

/* Begin PBXFrameworksBuildPhase section */
		521A39542CC80FCA00F842B8 /* Frameworks */ = {
			isa = PBXFrameworksBuildPhase;
			buildActionMask = 2147483647;
			files = (
			);
			runOnlyForDeploymentPostprocessing = 0;
		};
/* End PBXFrameworksBuildPhase section */

/* Begin PBXGroup section */
		521A394E2CC80FCA00F842B8 = {
			isa = PBXGroup;
			children = (
				521A39592CC80FCA00F842B8 /* MonsterBattle */,
				521A39582CC80FCA00F842B8 /* Products */,
			);
			sourceTree = "<group>";
		};
		521A39582CC80FCA00F842B8 /* Products */ = {
			isa = PBXGroup;
			children = (
				521A39572CC80FCA00F842B8 /* MonsterBattle.app */,
			);
			name = Products;
			sourceTree = "<group>";
		};
		521A39592CC80FCA00F842B8 /* MonsterBattle */ = {
			isa = PBXGroup;
			children = (
				521A39782CC8147C00F842B8 /* Extensions */,
				521A39722CC810E700F842B8 /* Models */,
				521A39772CC8142600F842B8 /* Info.plist */,
				521A39682CC80FF600F842B8 /* Modules */,
				521A396A2CC8101500F842B8 /* App */,
				521A396B2CC8103100F842B8 /* Resources */,
				521A39602CC80FCC00F842B8 /* Preview Content */,
			);
			path = MonsterBattle;
			sourceTree = "<group>";
		};
		521A39602CC80FCC00F842B8 /* Preview Content */ = {
			isa = PBXGroup;
			children = (
				521A39612CC80FCC00F842B8 /* Preview Assets.xcassets */,
			);
			path = "Preview Content";
			sourceTree = "<group>";
		};
		521A39682CC80FF600F842B8 /* Modules */ = {
			isa = PBXGroup;
			children = (
				521A39692CC80FFE00F842B8 /* Battle */,
			);
			path = Modules;
			sourceTree = "<group>";
		};
		521A39692CC80FFE00F842B8 /* Battle */ = {
			isa = PBXGroup;
			children = (
				521A396D2CC8104E00F842B8 /* ViewModels */,
				521A396C2CC8104700F842B8 /* Views */,
			);
			path = Battle;
			sourceTree = "<group>";
		};
		521A396A2CC8101500F842B8 /* App */ = {
			isa = PBXGroup;
			children = (
				521A395A2CC80FCA00F842B8 /* MonsterBattleApp.swift */,
			);
			path = App;
			sourceTree = "<group>";
		};
		521A396B2CC8103100F842B8 /* Resources */ = {
			isa = PBXGroup;
			children = (
				521A39752CC8141500F842B8 /* Roboto-Regular.ttf */,
				521A395E2CC80FCC00F842B8 /* Assets.xcassets */,
			);
			path = Resources;
			sourceTree = "<group>";
		};
		521A396C2CC8104700F842B8 /* Views */ = {
			isa = PBXGroup;
			children = (
				521A396E2CC8106700F842B8 /* BattleView.swift */,
				521A397D2CC8196300F842B8 /* DetailedMonsterCardView.swift */,
				521A397B2CC8154400F842B8 /* MonsterCardView.swift */,
			);
			path = Views;
			sourceTree = "<group>";
		};
		521A396D2CC8104E00F842B8 /* ViewModels */ = {
			isa = PBXGroup;
			children = (
				521A39702CC8109000F842B8 /* BattleViewModel.swift */,
			);
			path = ViewModels;
			sourceTree = "<group>";
		};
		521A39722CC810E700F842B8 /* Models */ = {
			isa = PBXGroup;
			children = (
				521A39732CC810F000F842B8 /* Monster.swift */,
				521A39812CC81D6B00F842B8 /* BattleResponse.swift */,
				521A397F2CC81D5200F842B8 /* BattleRequest.swift */,
			);
			path = Models;
			sourceTree = "<group>";
		};
		521A39782CC8147C00F842B8 /* Extensions */ = {
			isa = PBXGroup;
			children = (
				521A39792CC8148B00F842B8 /* FontExtensions.swift */,
			);
			path = Extensions;
			sourceTree = "<group>";
		};
/* End PBXGroup section */

/* Begin PBXNativeTarget section */
		521A39562CC80FCA00F842B8 /* MonsterBattle */ = {
			isa = PBXNativeTarget;
			buildConfigurationList = 521A39652CC80FCC00F842B8 /* Build configuration list for PBXNativeTarget "MonsterBattle" */;
			buildPhases = (
				521A39532CC80FCA00F842B8 /* Sources */,
				521A39542CC80FCA00F842B8 /* Frameworks */,
				521A39552CC80FCA00F842B8 /* Resources */,
			);
			buildRules = (
			);
			dependencies = (
			);
			name = MonsterBattle;
			productName = MonsterBattle;
			productReference = 521A39572CC80FCA00F842B8 /* MonsterBattle.app */;
			productType = "com.apple.product-type.application";
		};
/* End PBXNativeTarget section */

/* Begin PBXProject section */
		521A394F2CC80FCA00F842B8 /* Project object */ = {
			isa = PBXProject;
			attributes = {
				BuildIndependentTargetsInParallel = 1;
				LastSwiftUpdateCheck = 1510;
				LastUpgradeCheck = 1510;
				TargetAttributes = {
					521A39562CC80FCA00F842B8 = {
						CreatedOnToolsVersion = 15.1;
					};
				};
			};
			buildConfigurationList = 521A39522CC80FCA00F842B8 /* Build configuration list for PBXProject "MonsterBattle" */;
			compatibilityVersion = "Xcode 14.0";
			developmentRegion = en;
			hasScannedForEncodings = 0;
			knownRegions = (
				en,
				Base,
			);
			mainGroup = 521A394E2CC80FCA00F842B8;
			productRefGroup = 521A39582CC80FCA00F842B8 /* Products */;
			projectDirPath = "";
			projectRoot = "";
			targets = (
				521A39562CC80FCA00F842B8 /* MonsterBattle */,
			);
		};
/* End PBXProject section */

/* Begin PBXResourcesBuildPhase section */
		521A39552CC80FCA00F842B8 /* Resources */ = {
			isa = PBXResourcesBuildPhase;
			buildActionMask = 2147483647;
			files = (
				521A39762CC8141500F842B8 /* Roboto-Regular.ttf in Resources */,
				521A39622CC80FCC00F842B8 /* Preview Assets.xcassets in Resources */,
				521A395F2CC80FCC00F842B8 /* Assets.xcassets in Resources */,
			);
			runOnlyForDeploymentPostprocessing = 0;
		};
/* End PBXResourcesBuildPhase section */

/* Begin PBXSourcesBuildPhase section */
		521A39532CC80FCA00F842B8 /* Sources */ = {
			isa = PBXSourcesBuildPhase;
			buildActionMask = 2147483647;
			files = (
				521A39822CC81D6B00F842B8 /* BattleResponse.swift in Sources */,
				521A397E2CC8196300F842B8 /* DetailedMonsterCardView.swift in Sources */,
				521A39742CC810F000F842B8 /* Monster.swift in Sources */,
				521A397C2CC8154400F842B8 /* MonsterCardView.swift in Sources */,
				521A39802CC81D5200F842B8 /* BattleRequest.swift in Sources */,
				521A396F2CC8106700F842B8 /* BattleView.swift in Sources */,
				521A397A2CC8148B00F842B8 /* FontExtensions.swift in Sources */,
				521A395B2CC80FCA00F842B8 /* MonsterBattleApp.swift in Sources */,
				521A39712CC8109000F842B8 /* BattleViewModel.swift in Sources */,
			);
			runOnlyForDeploymentPostprocessing = 0;
		};
/* End PBXSourcesBuildPhase section */

/* Begin XCBuildConfiguration section */
		521A39632CC80FCC00F842B8 /* Debug */ = {
			isa = XCBuildConfiguration;
			buildSettings = {
				ALWAYS_SEARCH_USER_PATHS = NO;
				ASSETCATALOG_COMPILER_GENERATE_SWIFT_ASSET_SYMBOL_EXTENSIONS = YES;
				CLANG_ANALYZER_NONNULL = YES;
				CLANG_ANALYZER_NUMBER_OBJECT_CONVERSION = YES_AGGRESSIVE;
				CLANG_CXX_LANGUAGE_STANDARD = "gnu++20";
				CLANG_ENABLE_MODULES = YES;
				CLANG_ENABLE_OBJC_ARC = YES;
				CLANG_ENABLE_OBJC_WEAK = YES;
				CLANG_WARN_BLOCK_CAPTURE_AUTORELEASING = YES;
				CLANG_WARN_BOOL_CONVERSION = YES;
				CLANG_WARN_COMMA = YES;
				CLANG_WARN_CONSTANT_CONVERSION = YES;
				CLANG_WARN_DEPRECATED_OBJC_IMPLEMENTATIONS = YES;
				CLANG_WARN_DIRECT_OBJC_ISA_USAGE = YES_ERROR;
				CLANG_WARN_DOCUMENTATION_COMMENTS = YES;
				CLANG_WARN_EMPTY_BODY = YES;
				CLANG_WARN_ENUM_CONVERSION = YES;
				CLANG_WARN_INFINITE_RECURSION = YES;
				CLANG_WARN_INT_CONVERSION = YES;
				CLANG_WARN_NON_LITERAL_NULL_CONVERSION = YES;
				CLANG_WARN_OBJC_IMPLICIT_RETAIN_SELF = YES;
				CLANG_WARN_OBJC_LITERAL_CONVERSION = YES;
				CLANG_WARN_OBJC_ROOT_CLASS = YES_ERROR;
				CLANG_WARN_QUOTED_INCLUDE_IN_FRAMEWORK_HEADER = YES;
				CLANG_WARN_RANGE_LOOP_ANALYSIS = YES;
				CLANG_WARN_STRICT_PROTOTYPES = YES;
				CLANG_WARN_SUSPICIOUS_MOVE = YES;
				CLANG_WARN_UNGUARDED_AVAILABILITY = YES_AGGRESSIVE;
				CLANG_WARN_UNREACHABLE_CODE = YES;
				CLANG_WARN__DUPLICATE_METHOD_MATCH = YES;
				COPY_PHASE_STRIP = NO;
				DEBUG_INFORMATION_FORMAT = dwarf;
				ENABLE_STRICT_OBJC_MSGSEND = YES;
				ENABLE_TESTABILITY = YES;
				ENABLE_USER_SCRIPT_SANDBOXING = YES;
				GCC_C_LANGUAGE_STANDARD = gnu17;
				GCC_DYNAMIC_NO_PIC = NO;
				GCC_NO_COMMON_BLOCKS = YES;
				GCC_OPTIMIZATION_LEVEL = 0;
				GCC_PREPROCESSOR_DEFINITIONS = (
					"DEBUG=1",
					"$(inherited)",
				);
				GCC_WARN_64_TO_32_BIT_CONVERSION = YES;
				GCC_WARN_ABOUT_RETURN_TYPE = YES_ERROR;
				GCC_WARN_UNDECLARED_SELECTOR = YES;
				GCC_WARN_UNINITIALIZED_AUTOS = YES_AGGRESSIVE;
				GCC_WARN_UNUSED_FUNCTION = YES;
				GCC_WARN_UNUSED_VARIABLE = YES;
				IPHONEOS_DEPLOYMENT_TARGET = 17.2;
				LOCALIZATION_PREFERS_STRING_CATALOGS = YES;
				MTL_ENABLE_DEBUG_INFO = INCLUDE_SOURCE;
				MTL_FAST_MATH = YES;
				ONLY_ACTIVE_ARCH = YES;
				SDKROOT = iphoneos;
				SWIFT_ACTIVE_COMPILATION_CONDITIONS = "DEBUG $(inherited)";
				SWIFT_OPTIMIZATION_LEVEL = "-Onone";
			};
			name = Debug;
		};
		521A39642CC80FCC00F842B8 /* Release */ = {
			isa = XCBuildConfiguration;
			buildSettings = {
				ALWAYS_SEARCH_USER_PATHS = NO;
				ASSETCATALOG_COMPILER_GENERATE_SWIFT_ASSET_SYMBOL_EXTENSIONS = YES;
				CLANG_ANALYZER_NONNULL = YES;
				CLANG_ANALYZER_NUMBER_OBJECT_CONVERSION = YES_AGGRESSIVE;
				CLANG_CXX_LANGUAGE_STANDARD = "gnu++20";
				CLANG_ENABLE_MODULES = YES;
				CLANG_ENABLE_OBJC_ARC = YES;
				CLANG_ENABLE_OBJC_WEAK = YES;
				CLANG_WARN_BLOCK_CAPTURE_AUTORELEASING = YES;
				CLANG_WARN_BOOL_CONVERSION = YES;
				CLANG_WARN_COMMA = YES;
				CLANG_WARN_CONSTANT_CONVERSION = YES;
				CLANG_WARN_DEPRECATED_OBJC_IMPLEMENTATIONS = YES;
				CLANG_WARN_DIRECT_OBJC_ISA_USAGE = YES_ERROR;
				CLANG_WARN_DOCUMENTATION_COMMENTS = YES;
				CLANG_WARN_EMPTY_BODY = YES;
				CLANG_WARN_ENUM_CONVERSION = YES;
				CLANG_WARN_INFINITE_RECURSION = YES;
				CLANG_WARN_INT_CONVERSION = YES;
				CLANG_WARN_NON_LITERAL_NULL_CONVERSION = YES;
				CLANG_WARN_OBJC_IMPLICIT_RETAIN_SELF = YES;
				CLANG_WARN_OBJC_LITERAL_CONVERSION = YES;
				CLANG_WARN_OBJC_ROOT_CLASS = YES_ERROR;
				CLANG_WARN_QUOTED_INCLUDE_IN_FRAMEWORK_HEADER = YES;
				CLANG_WARN_RANGE_LOOP_ANALYSIS = YES;
				CLANG_WARN_STRICT_PROTOTYPES = YES;
				CLANG_WARN_SUSPICIOUS_MOVE = YES;
				CLANG_WARN_UNGUARDED_AVAILABILITY = YES_AGGRESSIVE;
				CLANG_WARN_UNREACHABLE_CODE = YES;
				CLANG_WARN__DUPLICATE_METHOD_MATCH = YES;
				COPY_PHASE_STRIP = NO;
				DEBUG_INFORMATION_FORMAT = "dwarf-with-dsym";
				ENABLE_NS_ASSERTIONS = NO;
				ENABLE_STRICT_OBJC_MSGSEND = YES;
				ENABLE_USER_SCRIPT_SANDBOXING = YES;
				GCC_C_LANGUAGE_STANDARD = gnu17;
				GCC_NO_COMMON_BLOCKS = YES;
				GCC_WARN_64_TO_32_BIT_CONVERSION = YES;
				GCC_WARN_ABOUT_RETURN_TYPE = YES_ERROR;
				GCC_WARN_UNDECLARED_SELECTOR = YES;
				GCC_WARN_UNINITIALIZED_AUTOS = YES_AGGRESSIVE;
				GCC_WARN_UNUSED_FUNCTION = YES;
				GCC_WARN_UNUSED_VARIABLE = YES;
				IPHONEOS_DEPLOYMENT_TARGET = 17.2;
				LOCALIZATION_PREFERS_STRING_CATALOGS = YES;
				MTL_ENABLE_DEBUG_INFO = NO;
				MTL_FAST_MATH = YES;
				SDKROOT = iphoneos;
				SWIFT_COMPILATION_MODE = wholemodule;
				VALIDATE_PRODUCT = YES;
			};
			name = Release;
		};
		521A39662CC80FCC00F842B8 /* Debug */ = {
			isa = XCBuildConfiguration;
			buildSettings = {
				ASSETCATALOG_COMPILER_APPICON_NAME = AppIcon;
				ASSETCATALOG_COMPILER_GLOBAL_ACCENT_COLOR_NAME = AccentColor;
				CODE_SIGN_STYLE = Automatic;
				CURRENT_PROJECT_VERSION = 1;
				DEVELOPMENT_ASSET_PATHS = "\"MonsterBattle/Preview Content\"";
				DEVELOPMENT_TEAM = N63WMA8228;
				ENABLE_PREVIEWS = YES;
				GENERATE_INFOPLIST_FILE = YES;
				INFOPLIST_FILE = MonsterBattle/Info.plist;
				INFOPLIST_KEY_UIApplicationSceneManifest_Generation = YES;
				INFOPLIST_KEY_UIApplicationSupportsIndirectInputEvents = YES;
				INFOPLIST_KEY_UILaunchScreen_Generation = YES;
				INFOPLIST_KEY_UISupportedInterfaceOrientations_iPad = "UIInterfaceOrientationPortrait UIInterfaceOrientationPortraitUpsideDown UIInterfaceOrientationLandscapeLeft UIInterfaceOrientationLandscapeRight";
				INFOPLIST_KEY_UISupportedInterfaceOrientations_iPhone = "UIInterfaceOrientationPortrait UIInterfaceOrientationLandscapeLeft UIInterfaceOrientationLandscapeRight";
				LD_RUNPATH_SEARCH_PATHS = (
					"$(inherited)",
					"@executable_path/Frameworks",
				);
				MARKETING_VERSION = 1.0;
				PRODUCT_BUNDLE_IDENTIFIER = com.lucasbighi.MonsterBattle;
				PRODUCT_NAME = "$(TARGET_NAME)";
				SWIFT_EMIT_LOC_STRINGS = YES;
				SWIFT_VERSION = 5.0;
				TARGETED_DEVICE_FAMILY = "1,2";
			};
			name = Debug;
		};
		521A39672CC80FCC00F842B8 /* Release */ = {
			isa = XCBuildConfiguration;
			buildSettings = {
				ASSETCATALOG_COMPILER_APPICON_NAME = AppIcon;
				ASSETCATALOG_COMPILER_GLOBAL_ACCENT_COLOR_NAME = AccentColor;
				CODE_SIGN_STYLE = Automatic;
				CURRENT_PROJECT_VERSION = 1;
				DEVELOPMENT_ASSET_PATHS = "\"MonsterBattle/Preview Content\"";
				DEVELOPMENT_TEAM = N63WMA8228;
				ENABLE_PREVIEWS = YES;
				GENERATE_INFOPLIST_FILE = YES;
				INFOPLIST_FILE = MonsterBattle/Info.plist;
				INFOPLIST_KEY_UIApplicationSceneManifest_Generation = YES;
				INFOPLIST_KEY_UIApplicationSupportsIndirectInputEvents = YES;
				INFOPLIST_KEY_UILaunchScreen_Generation = YES;
				INFOPLIST_KEY_UISupportedInterfaceOrientations_iPad = "UIInterfaceOrientationPortrait UIInterfaceOrientationPortraitUpsideDown UIInterfaceOrientationLandscapeLeft UIInterfaceOrientationLandscapeRight";
				INFOPLIST_KEY_UISupportedInterfaceOrientations_iPhone = "UIInterfaceOrientationPortrait UIInterfaceOrientationLandscapeLeft UIInterfaceOrientationLandscapeRight";
				LD_RUNPATH_SEARCH_PATHS = (
					"$(inherited)",
					"@executable_path/Frameworks",
				);
				MARKETING_VERSION = 1.0;
				PRODUCT_BUNDLE_IDENTIFIER = com.lucasbighi.MonsterBattle;
				PRODUCT_NAME = "$(TARGET_NAME)";
				SWIFT_EMIT_LOC_STRINGS = YES;
				SWIFT_VERSION = 5.0;
				TARGETED_DEVICE_FAMILY = "1,2";
			};
			name = Release;
		};
/* End XCBuildConfiguration section */

/* Begin XCConfigurationList section */
		521A39522CC80FCA00F842B8 /* Build configuration list for PBXProject "MonsterBattle" */ = {
			isa = XCConfigurationList;
			buildConfigurations = (
				521A39632CC80FCC00F842B8 /* Debug */,
				521A39642CC80FCC00F842B8 /* Release */,
			);
			defaultConfigurationIsVisible = 0;
			defaultConfigurationName = Release;
		};
		521A39652CC80FCC00F842B8 /* Build configuration list for PBXNativeTarget "MonsterBattle" */ = {
			isa = XCConfigurationList;
			buildConfigurations = (
				521A39662CC80FCC00F842B8 /* Debug */,
				521A39672CC80FCC00F842B8 /* Release */,
			);
			defaultConfigurationIsVisible = 0;
			defaultConfigurationName = Release;
		};
/* End XCConfigurationList section */
	};
	rootObject = 521A394F2CC80FCA00F842B8 /* Project object */;
}
